
Microsoft Visual Studio Solution File, Format Version 12.00
# Visual Studio Version 16
VisualStudioVersion = 16.0.31624.102
MinimumVisualStudioVersion = 10.0.40219.1
Project("{FAE04EC0-301F-11D3-BF4B-00C04F79EFBC}") = "UpSchool_CQRS_Projects", "UpSchool_CQRS_Projects\UpSchool_CQRS_Projects.csproj", "{5BAB5E0F-8686-44C6-B418-A4AA140EAED4}"
EndProject
Global
	GlobalSection(SolutionConfigurationPlatforms) = preSolution
		Debug|Any CPU = Debug|Any CPU
		Release|Any CPU = Release|Any CPU
	EndGlobalSection
	GlobalSection(ProjectConfigurationPlatforms) = postSolution
		{5BAB5E0F-8686-44C6-B418-A4AA140EAED4}.Debug|Any CPU.ActiveCfg = Debug|Any CPU
		{5BAB5E0F-8686-44C6-B418-A4AA140EAED4}.Debug|Any CPU.Build.0 = Debug|Any CPU
		{5BAB5E0F-8686-44C6-B418-A4AA140EAED4}.Release|Any CPU.ActiveCfg = Release|Any CPU
		{5BAB5E0F-8686-44C6-B418-A4AA140EAED4}.Release|Any CPU.Build.0 = Release|Any CPU
	EndGlobalSection
	GlobalSection(SolutionProperties) = preSolution
		HideSolutionNode = FALSE
	EndGlobalSection
	GlobalSection(ExtensibilityGlobals) = postSolution
		SolutionGuid = {B55E9921-4790-4FF0-9D57-E6258B6919DE}
	EndGlobalSection
EndGlobal
